// !$*UTF8*$!
{
	archiveVersion = 1;
	classes = {
	};
	objectVersion = 52;
	objects = {

/* Begin PBXBuildFile section */
		4BC206932403B83800F250F1 /* AppDelegate.swift in Sources */ = {isa = PBXBuildFile; fileRef = 4BC206922403B83800F250F1 /* AppDelegate.swift */; };
		4BC206952403B83800F250F1 /* SceneDelegate.swift in Sources */ = {isa = PBXBuildFile; fileRef = 4BC206942403B83800F250F1 /* SceneDelegate.swift */; };
		4BC206972403B83800F250F1 /* MenuViewController.swift in Sources */ = {isa = PBXBuildFile; fileRef = 4BC206962403B83800F250F1 /* MenuViewController.swift */; };
		4BC2069D2403B83800F250F1 /* Nenno_s_Pizza.xcdatamodeld in Sources */ = {isa = PBXBuildFile; fileRef = 4BC2069B2403B83800F250F1 /* Nenno_s_Pizza.xcdatamodeld */; };
		4BC2069F2403B83C00F250F1 /* Assets.xcassets in Resources */ = {isa = PBXBuildFile; fileRef = 4BC2069E2403B83C00F250F1 /* Assets.xcassets */; };
		4BC206A22403B83C00F250F1 /* LaunchScreen.storyboard in Resources */ = {isa = PBXBuildFile; fileRef = 4BC206A02403B83C00F250F1 /* LaunchScreen.storyboard */; };
		4BC206AD2403B83C00F250F1 /* Nenno_s_PizzaTests.swift in Sources */ = {isa = PBXBuildFile; fileRef = 4BC206AC2403B83C00F250F1 /* Nenno_s_PizzaTests.swift */; };
		4BC206B82403B83C00F250F1 /* Nenno_s_PizzaUITests.swift in Sources */ = {isa = PBXBuildFile; fileRef = 4BC206B72403B83C00F250F1 /* Nenno_s_PizzaUITests.swift */; };
		4BC206CB2403B98700F250F1 /* Builder.swift in Sources */ = {isa = PBXBuildFile; fileRef = 4BC206CA2403B98700F250F1 /* Builder.swift */; };
		4BC206D22403BE4500F250F1 /* MenuViewPresenter.swift in Sources */ = {isa = PBXBuildFile; fileRef = 4BC206D12403BE4500F250F1 /* MenuViewPresenter.swift */; };
		4BF1602324065C80001B709A /* Cart.swift in Sources */ = {isa = PBXBuildFile; fileRef = 4BF1602224065C80001B709A /* Cart.swift */; };
		4BF1602624065E58001B709A /* RxSwift in Frameworks */ = {isa = PBXBuildFile; productRef = 4BF1602524065E58001B709A /* RxSwift */; };
		4BF1602824065E58001B709A /* RxCocoa in Frameworks */ = {isa = PBXBuildFile; productRef = 4BF1602724065E58001B709A /* RxCocoa */; };
		9216F6E2240459B700B4C40B /* GoodsList.swift in Sources */ = {isa = PBXBuildFile; fileRef = 9216F6E1240459B700B4C40B /* GoodsList.swift */; };
		9216F6E524045F9D00B4C40B /* Kingfisher in Frameworks */ = {isa = PBXBuildFile; productRef = 9216F6E424045F9D00B4C40B /* Kingfisher */; };
		9216F6E7240465C600B4C40B /* Extensions.swift in Sources */ = {isa = PBXBuildFile; fileRef = 9216F6E6240465C600B4C40B /* Extensions.swift */; };
		9216F6E92404669E00B4C40B /* PizzaPriceView.swift in Sources */ = {isa = PBXBuildFile; fileRef = 9216F6E82404669E00B4C40B /* PizzaPriceView.swift */; };
		9220D2C32404367400E66F1C /* MenuView.swift in Sources */ = {isa = PBXBuildFile; fileRef = 9220D2C22404367400E66F1C /* MenuView.swift */; };
		9220D2C62404383B00E66F1C /* NetworkManager.swift in Sources */ = {isa = PBXBuildFile; fileRef = 9220D2C52404383B00E66F1C /* NetworkManager.swift */; };
		9220D2C824043D5300E66F1C /* Good.swift in Sources */ = {isa = PBXBuildFile; fileRef = 9220D2C724043D5300E66F1C /* Good.swift */; };
		9220D2CA24043ED000E66F1C /* Drink.swift in Sources */ = {isa = PBXBuildFile; fileRef = 9220D2C924043ED000E66F1C /* Drink.swift */; };
		9220D2CC240441AD00E66F1C /* Pizza.swift in Sources */ = {isa = PBXBuildFile; fileRef = 9220D2CB240441AD00E66F1C /* Pizza.swift */; };
		926FAD7A2404742A00FBC03A /* LaunchView.swift in Sources */ = {isa = PBXBuildFile; fileRef = 926FAD792404742A00FBC03A /* LaunchView.swift */; };
		926FAD7D2404758C00FBC03A /* LaunchViewController.swift in Sources */ = {isa = PBXBuildFile; fileRef = 926FAD7C2404758C00FBC03A /* LaunchViewController.swift */; };
		926FAD812404762B00FBC03A /* LaunchViewPresenter.swift in Sources */ = {isa = PBXBuildFile; fileRef = 926FAD802404762B00FBC03A /* LaunchViewPresenter.swift */; };
		929EE4A0240481AD00258DD2 /* IngredientsView.swift in Sources */ = {isa = PBXBuildFile; fileRef = 929EE49F240481AD00258DD2 /* IngredientsView.swift */; };
		929EE4A2240481B900258DD2 /* IngredientsViewController.swift in Sources */ = {isa = PBXBuildFile; fileRef = 929EE4A1240481B900258DD2 /* IngredientsViewController.swift */; };
		929EE4A6240481ED00258DD2 /* IngredientViewPresenter.swift in Sources */ = {isa = PBXBuildFile; fileRef = 929EE4A5240481ED00258DD2 /* IngredientViewPresenter.swift */; };
		92DB56842405AD4B0096CB6A /* IngredientsTableViewCell.swift in Sources */ = {isa = PBXBuildFile; fileRef = 92DB56832405AD4B0096CB6A /* IngredientsTableViewCell.swift */; };
		92FB94BA2404458C002EB14E /* PizzaTableViewCell.swift in Sources */ = {isa = PBXBuildFile; fileRef = 92FB94B92404458C002EB14E /* PizzaTableViewCell.swift */; };
/* End PBXBuildFile section */

/* Begin PBXContainerItemProxy section */
		4BC206A92403B83C00F250F1 /* PBXContainerItemProxy */ = {
			isa = PBXContainerItemProxy;
			containerPortal = 4BC206872403B83800F250F1 /* Project object */;
			proxyType = 1;
			remoteGlobalIDString = 4BC2068E2403B83800F250F1;
			remoteInfo = "Nenno's Pizza";
		};
		4BC206B42403B83C00F250F1 /* PBXContainerItemProxy */ = {
			isa = PBXContainerItemProxy;
			containerPortal = 4BC206872403B83800F250F1 /* Project object */;
			proxyType = 1;
			remoteGlobalIDString = 4BC2068E2403B83800F250F1;
			remoteInfo = "Nenno's Pizza";
		};
/* End PBXContainerItemProxy section */

/* Begin PBXFileReference section */
		4BC2068F2403B83800F250F1 /* Nenno's Pizza.app */ = {isa = PBXFileReference; explicitFileType = wrapper.application; includeInIndex = 0; path = "Nenno's Pizza.app"; sourceTree = BUILT_PRODUCTS_DIR; };
		4BC206922403B83800F250F1 /* AppDelegate.swift */ = {isa = PBXFileReference; lastKnownFileType = sourcecode.swift; path = AppDelegate.swift; sourceTree = "<group>"; };
		4BC206942403B83800F250F1 /* SceneDelegate.swift */ = {isa = PBXFileReference; lastKnownFileType = sourcecode.swift; path = SceneDelegate.swift; sourceTree = "<group>"; };
		4BC206962403B83800F250F1 /* MenuViewController.swift */ = {isa = PBXFileReference; lastKnownFileType = sourcecode.swift; path = MenuViewController.swift; sourceTree = "<group>"; };
		4BC2069C2403B83800F250F1 /* Nenno_s_Pizza.xcdatamodel */ = {isa = PBXFileReference; lastKnownFileType = wrapper.xcdatamodel; path = Nenno_s_Pizza.xcdatamodel; sourceTree = "<group>"; };
		4BC2069E2403B83C00F250F1 /* Assets.xcassets */ = {isa = PBXFileReference; lastKnownFileType = folder.assetcatalog; path = Assets.xcassets; sourceTree = "<group>"; };
		4BC206A12403B83C00F250F1 /* Base */ = {isa = PBXFileReference; lastKnownFileType = file.storyboard; name = Base; path = Base.lproj/LaunchScreen.storyboard; sourceTree = "<group>"; };
		4BC206A32403B83C00F250F1 /* Info.plist */ = {isa = PBXFileReference; lastKnownFileType = text.plist.xml; path = Info.plist; sourceTree = "<group>"; };
		4BC206A82403B83C00F250F1 /* Nenno's PizzaTests.xctest */ = {isa = PBXFileReference; explicitFileType = wrapper.cfbundle; includeInIndex = 0; path = "Nenno's PizzaTests.xctest"; sourceTree = BUILT_PRODUCTS_DIR; };
		4BC206AC2403B83C00F250F1 /* Nenno_s_PizzaTests.swift */ = {isa = PBXFileReference; lastKnownFileType = sourcecode.swift; path = Nenno_s_PizzaTests.swift; sourceTree = "<group>"; };
		4BC206AE2403B83C00F250F1 /* Info.plist */ = {isa = PBXFileReference; lastKnownFileType = text.plist.xml; path = Info.plist; sourceTree = "<group>"; };
		4BC206B32403B83C00F250F1 /* Nenno's PizzaUITests.xctest */ = {isa = PBXFileReference; explicitFileType = wrapper.cfbundle; includeInIndex = 0; path = "Nenno's PizzaUITests.xctest"; sourceTree = BUILT_PRODUCTS_DIR; };
		4BC206B72403B83C00F250F1 /* Nenno_s_PizzaUITests.swift */ = {isa = PBXFileReference; lastKnownFileType = sourcecode.swift; path = Nenno_s_PizzaUITests.swift; sourceTree = "<group>"; };
		4BC206B92403B83C00F250F1 /* Info.plist */ = {isa = PBXFileReference; lastKnownFileType = text.plist.xml; path = Info.plist; sourceTree = "<group>"; };
		4BC206CA2403B98700F250F1 /* Builder.swift */ = {isa = PBXFileReference; lastKnownFileType = sourcecode.swift; path = Builder.swift; sourceTree = "<group>"; };
		4BC206D12403BE4500F250F1 /* MenuViewPresenter.swift */ = {isa = PBXFileReference; lastKnownFileType = sourcecode.swift; path = MenuViewPresenter.swift; sourceTree = "<group>"; };
		4BF1602224065C80001B709A /* Cart.swift */ = {isa = PBXFileReference; lastKnownFileType = sourcecode.swift; path = Cart.swift; sourceTree = "<group>"; };
		9216F6E1240459B700B4C40B /* GoodsList.swift */ = {isa = PBXFileReference; lastKnownFileType = sourcecode.swift; path = GoodsList.swift; sourceTree = "<group>"; };
		9216F6E6240465C600B4C40B /* Extensions.swift */ = {isa = PBXFileReference; lastKnownFileType = sourcecode.swift; path = Extensions.swift; sourceTree = "<group>"; };
		9216F6E82404669E00B4C40B /* PizzaPriceView.swift */ = {isa = PBXFileReference; lastKnownFileType = sourcecode.swift; path = PizzaPriceView.swift; sourceTree = "<group>"; };
		9220D2C22404367400E66F1C /* MenuView.swift */ = {isa = PBXFileReference; lastKnownFileType = sourcecode.swift; path = MenuView.swift; sourceTree = "<group>"; };
		9220D2C52404383B00E66F1C /* NetworkManager.swift */ = {isa = PBXFileReference; lastKnownFileType = sourcecode.swift; path = NetworkManager.swift; sourceTree = "<group>"; };
		9220D2C724043D5300E66F1C /* Good.swift */ = {isa = PBXFileReference; lastKnownFileType = sourcecode.swift; path = Good.swift; sourceTree = "<group>"; };
		9220D2C924043ED000E66F1C /* Drink.swift */ = {isa = PBXFileReference; lastKnownFileType = sourcecode.swift; path = Drink.swift; sourceTree = "<group>"; };
		9220D2CB240441AD00E66F1C /* Pizza.swift */ = {isa = PBXFileReference; lastKnownFileType = sourcecode.swift; path = Pizza.swift; sourceTree = "<group>"; };
		926FAD792404742A00FBC03A /* LaunchView.swift */ = {isa = PBXFileReference; lastKnownFileType = sourcecode.swift; path = LaunchView.swift; sourceTree = "<group>"; };
		926FAD7C2404758C00FBC03A /* LaunchViewController.swift */ = {isa = PBXFileReference; lastKnownFileType = sourcecode.swift; path = LaunchViewController.swift; sourceTree = "<group>"; };
		926FAD802404762B00FBC03A /* LaunchViewPresenter.swift */ = {isa = PBXFileReference; lastKnownFileType = sourcecode.swift; path = LaunchViewPresenter.swift; sourceTree = "<group>"; };
		929EE49F240481AD00258DD2 /* IngredientsView.swift */ = {isa = PBXFileReference; lastKnownFileType = sourcecode.swift; path = IngredientsView.swift; sourceTree = "<group>"; };
		929EE4A1240481B900258DD2 /* IngredientsViewController.swift */ = {isa = PBXFileReference; lastKnownFileType = sourcecode.swift; path = IngredientsViewController.swift; sourceTree = "<group>"; };
		929EE4A5240481ED00258DD2 /* IngredientViewPresenter.swift */ = {isa = PBXFileReference; lastKnownFileType = sourcecode.swift; path = IngredientViewPresenter.swift; sourceTree = "<group>"; };
		92DB56832405AD4B0096CB6A /* IngredientsTableViewCell.swift */ = {isa = PBXFileReference; lastKnownFileType = sourcecode.swift; path = IngredientsTableViewCell.swift; sourceTree = "<group>"; };
		92FB94B92404458C002EB14E /* PizzaTableViewCell.swift */ = {isa = PBXFileReference; lastKnownFileType = sourcecode.swift; path = PizzaTableViewCell.swift; sourceTree = "<group>"; };
/* End PBXFileReference section */

/* Begin PBXFrameworksBuildPhase section */
		4BC2068C2403B83800F250F1 /* Frameworks */ = {
			isa = PBXFrameworksBuildPhase;
			buildActionMask = 2147483647;
			files = (
				4BF1602824065E58001B709A /* RxCocoa in Frameworks */,
				4BF1602624065E58001B709A /* RxSwift in Frameworks */,
				9216F6E524045F9D00B4C40B /* Kingfisher in Frameworks */,
			);
			runOnlyForDeploymentPostprocessing = 0;
		};
		4BC206A52403B83C00F250F1 /* Frameworks */ = {
			isa = PBXFrameworksBuildPhase;
			buildActionMask = 2147483647;
			files = (
			);
			runOnlyForDeploymentPostprocessing = 0;
		};
		4BC206B02403B83C00F250F1 /* Frameworks */ = {
			isa = PBXFrameworksBuildPhase;
			buildActionMask = 2147483647;
			files = (
			);
			runOnlyForDeploymentPostprocessing = 0;
		};
/* End PBXFrameworksBuildPhase section */

/* Begin PBXGroup section */
		4BC206862403B83800F250F1 = {
			isa = PBXGroup;
			children = (
				4BC206912403B83800F250F1 /* Nenno's Pizza */,
				4BC206AB2403B83C00F250F1 /* Nenno's PizzaTests */,
				4BC206B62403B83C00F250F1 /* Nenno's PizzaUITests */,
				4BC206902403B83800F250F1 /* Products */,
			);
			sourceTree = "<group>";
		};
		4BC206902403B83800F250F1 /* Products */ = {
			isa = PBXGroup;
			children = (
				4BC2068F2403B83800F250F1 /* Nenno's Pizza.app */,
				4BC206A82403B83C00F250F1 /* Nenno's PizzaTests.xctest */,
				4BC206B32403B83C00F250F1 /* Nenno's PizzaUITests.xctest */,
			);
			name = Products;
			sourceTree = "<group>";
		};
		4BC206912403B83800F250F1 /* Nenno's Pizza */ = {
			isa = PBXGroup;
			children = (
				4BC206A32403B83C00F250F1 /* Info.plist */,
				4BC206C52403B88C00F250F1 /* AppDelegate */,
				4BC206CD2403BE0100F250F1 /* Module */,
				4BC206C72403B8A600F250F1 /* Assets */,
				4BC206C62403B89C00F250F1 /* Services */,
			);
			path = "Nenno's Pizza";
			sourceTree = "<group>";
		};
		4BC206AB2403B83C00F250F1 /* Nenno's PizzaTests */ = {
			isa = PBXGroup;
			children = (
				4BC206AC2403B83C00F250F1 /* Nenno_s_PizzaTests.swift */,
				4BC206AE2403B83C00F250F1 /* Info.plist */,
			);
			path = "Nenno's PizzaTests";
			sourceTree = "<group>";
		};
		4BC206B62403B83C00F250F1 /* Nenno's PizzaUITests */ = {
			isa = PBXGroup;
			children = (
				4BC206B72403B83C00F250F1 /* Nenno_s_PizzaUITests.swift */,
				4BC206B92403B83C00F250F1 /* Info.plist */,
			);
			path = "Nenno's PizzaUITests";
			sourceTree = "<group>";
		};
		4BC206C52403B88C00F250F1 /* AppDelegate */ = {
			isa = PBXGroup;
			children = (
				4BC206922403B83800F250F1 /* AppDelegate.swift */,
				4BC206942403B83800F250F1 /* SceneDelegate.swift */,
			);
			path = AppDelegate;
			sourceTree = "<group>";
		};
		4BC206C62403B89C00F250F1 /* Services */ = {
			isa = PBXGroup;
			children = (
				9220D2C42404382900E66F1C /* Network */,
				4BC206CC2403B98A00F250F1 /* Builder */,
				4BC206C92403B96C00F250F1 /* CoreData */,
				9216F6E6240465C600B4C40B /* Extensions.swift */,
			);
			path = Services;
			sourceTree = "<group>";
		};
		4BC206C72403B8A600F250F1 /* Assets */ = {
			isa = PBXGroup;
			children = (
				4BC2069E2403B83C00F250F1 /* Assets.xcassets */,
				4BC206A02403B83C00F250F1 /* LaunchScreen.storyboard */,
			);
			path = Assets;
			sourceTree = "<group>";
		};
		4BC206C82403B8BE00F250F1 /* Menu */ = {
			isa = PBXGroup;
			children = (
				4BC206CF2403BE2800F250F1 /* View */,
				4BC206CE2403BE1D00F250F1 /* Presenter */,
			);
			path = Menu;
			sourceTree = "<group>";
		};
		4BC206C92403B96C00F250F1 /* CoreData */ = {
			isa = PBXGroup;
			children = (
				4BC2069B2403B83800F250F1 /* Nenno_s_Pizza.xcdatamodeld */,
			);
			path = CoreData;
			sourceTree = "<group>";
		};
		4BC206CC2403B98A00F250F1 /* Builder */ = {
			isa = PBXGroup;
			children = (
				4BC206CA2403B98700F250F1 /* Builder.swift */,
			);
			path = Builder;
			sourceTree = "<group>";
		};
		4BC206CD2403BE0100F250F1 /* Module */ = {
			isa = PBXGroup;
			children = (
				4BC206D02403BE2C00F250F1 /* Model */,
				926FAD7B2404742E00FBC03A /* Launch */,
				4BC206C82403B8BE00F250F1 /* Menu */,
				929EE49E2404819300258DD2 /* Ingredients */,
			);
			path = Module;
			sourceTree = "<group>";
		};
		4BC206CE2403BE1D00F250F1 /* Presenter */ = {
			isa = PBXGroup;
			children = (
				4BC206D12403BE4500F250F1 /* MenuViewPresenter.swift */,
			);
			path = Presenter;
			sourceTree = "<group>";
		};
		4BC206CF2403BE2800F250F1 /* View */ = {
			isa = PBXGroup;
			children = (
				9220D2C22404367400E66F1C /* MenuView.swift */,
				92FB94B92404458C002EB14E /* PizzaTableViewCell.swift */,
				9216F6E82404669E00B4C40B /* PizzaPriceView.swift */,
				4BC206962403B83800F250F1 /* MenuViewController.swift */,
			);
			path = View;
			sourceTree = "<group>";
		};
		4BC206D02403BE2C00F250F1 /* Model */ = {
			isa = PBXGroup;
			children = (
				9220D2C724043D5300E66F1C /* Good.swift */,
				9216F6E1240459B700B4C40B /* GoodsList.swift */,
				9220D2C924043ED000E66F1C /* Drink.swift */,
				9220D2CB240441AD00E66F1C /* Pizza.swift */,
				4BF1602224065C80001B709A /* Cart.swift */,
			);
			path = Model;
			sourceTree = "<group>";
		};
		9220D2C42404382900E66F1C /* Network */ = {
			isa = PBXGroup;
			children = (
				9220D2C52404383B00E66F1C /* NetworkManager.swift */,
			);
			path = Network;
			sourceTree = "<group>";
		};
		926FAD7B2404742E00FBC03A /* Launch */ = {
			isa = PBXGroup;
			children = (
				926FAD7E2404760900FBC03A /* View */,
				926FAD7F2404761300FBC03A /* Presenter */,
			);
			path = Launch;
			sourceTree = "<group>";
		};
		926FAD7E2404760900FBC03A /* View */ = {
			isa = PBXGroup;
			children = (
				926FAD792404742A00FBC03A /* LaunchView.swift */,
				926FAD7C2404758C00FBC03A /* LaunchViewController.swift */,
			);
			path = View;
			sourceTree = "<group>";
		};
		926FAD7F2404761300FBC03A /* Presenter */ = {
			isa = PBXGroup;
			children = (
				926FAD802404762B00FBC03A /* LaunchViewPresenter.swift */,
			);
			path = Presenter;
			sourceTree = "<group>";
		};
		929EE49E2404819300258DD2 /* Ingredients */ = {
			isa = PBXGroup;
			children = (
				929EE4A3240481BC00258DD2 /* View */,
				929EE4A4240481C800258DD2 /* Presenter */,
			);
			path = Ingredients;
			sourceTree = "<group>";
		};
		929EE4A3240481BC00258DD2 /* View */ = {
			isa = PBXGroup;
			children = (
				929EE49F240481AD00258DD2 /* IngredientsView.swift */,
				92DB56832405AD4B0096CB6A /* IngredientsTableViewCell.swift */,
				929EE4A1240481B900258DD2 /* IngredientsViewController.swift */,
			);
			path = View;
			sourceTree = "<group>";
		};
		929EE4A4240481C800258DD2 /* Presenter */ = {
			isa = PBXGroup;
			children = (
				929EE4A5240481ED00258DD2 /* IngredientViewPresenter.swift */,
			);
			path = Presenter;
			sourceTree = "<group>";
		};
/* End PBXGroup section */

/* Begin PBXNativeTarget section */
		4BC2068E2403B83800F250F1 /* Nenno's Pizza */ = {
			isa = PBXNativeTarget;
			buildConfigurationList = 4BC206BC2403B83C00F250F1 /* Build configuration list for PBXNativeTarget "Nenno's Pizza" */;
			buildPhases = (
				4BC2068B2403B83800F250F1 /* Sources */,
				4BC2068C2403B83800F250F1 /* Frameworks */,
				4BC2068D2403B83800F250F1 /* Resources */,
			);
			buildRules = (
			);
			dependencies = (
			);
			name = "Nenno's Pizza";
			packageProductDependencies = (
				9216F6E424045F9D00B4C40B /* Kingfisher */,
				4BF1602524065E58001B709A /* RxSwift */,
				4BF1602724065E58001B709A /* RxCocoa */,
			);
			productName = "Nenno's Pizza";
			productReference = 4BC2068F2403B83800F250F1 /* Nenno's Pizza.app */;
			productType = "com.apple.product-type.application";
		};
		4BC206A72403B83C00F250F1 /* Nenno's PizzaTests */ = {
			isa = PBXNativeTarget;
			buildConfigurationList = 4BC206BF2403B83C00F250F1 /* Build configuration list for PBXNativeTarget "Nenno's PizzaTests" */;
			buildPhases = (
				4BC206A42403B83C00F250F1 /* Sources */,
				4BC206A52403B83C00F250F1 /* Frameworks */,
				4BC206A62403B83C00F250F1 /* Resources */,
			);
			buildRules = (
			);
			dependencies = (
				4BC206AA2403B83C00F250F1 /* PBXTargetDependency */,
			);
			name = "Nenno's PizzaTests";
			productName = "Nenno's PizzaTests";
			productReference = 4BC206A82403B83C00F250F1 /* Nenno's PizzaTests.xctest */;
			productType = "com.apple.product-type.bundle.unit-test";
		};
		4BC206B22403B83C00F250F1 /* Nenno's PizzaUITests */ = {
			isa = PBXNativeTarget;
			buildConfigurationList = 4BC206C22403B83C00F250F1 /* Build configuration list for PBXNativeTarget "Nenno's PizzaUITests" */;
			buildPhases = (
				4BC206AF2403B83C00F250F1 /* Sources */,
				4BC206B02403B83C00F250F1 /* Frameworks */,
				4BC206B12403B83C00F250F1 /* Resources */,
			);
			buildRules = (
			);
			dependencies = (
				4BC206B52403B83C00F250F1 /* PBXTargetDependency */,
			);
			name = "Nenno's PizzaUITests";
			productName = "Nenno's PizzaUITests";
			productReference = 4BC206B32403B83C00F250F1 /* Nenno's PizzaUITests.xctest */;
			productType = "com.apple.product-type.bundle.ui-testing";
		};
/* End PBXNativeTarget section */

/* Begin PBXProject section */
		4BC206872403B83800F250F1 /* Project object */ = {
			isa = PBXProject;
			attributes = {
				LastSwiftUpdateCheck = 1130;
				LastUpgradeCheck = 1130;
				ORGANIZATIONNAME = DenisGrishchenko;
				TargetAttributes = {
					4BC2068E2403B83800F250F1 = {
						CreatedOnToolsVersion = 11.3.1;
					};
					4BC206A72403B83C00F250F1 = {
						CreatedOnToolsVersion = 11.3.1;
						TestTargetID = 4BC2068E2403B83800F250F1;
					};
					4BC206B22403B83C00F250F1 = {
						CreatedOnToolsVersion = 11.3.1;
						TestTargetID = 4BC2068E2403B83800F250F1;
					};
				};
			};
			buildConfigurationList = 4BC2068A2403B83800F250F1 /* Build configuration list for PBXProject "Nenno's Pizza" */;
			compatibilityVersion = "Xcode 9.3";
			developmentRegion = en;
			hasScannedForEncodings = 0;
			knownRegions = (
				en,
				Base,
			);
			mainGroup = 4BC206862403B83800F250F1;
			packageReferences = (
				9216F6E324045F9D00B4C40B /* XCRemoteSwiftPackageReference "Kingfisher" */,
				4BF1602424065E58001B709A /* XCRemoteSwiftPackageReference "RxSwift" */,
			);
			productRefGroup = 4BC206902403B83800F250F1 /* Products */;
			projectDirPath = "";
			projectRoot = "";
			targets = (
				4BC2068E2403B83800F250F1 /* Nenno's Pizza */,
				4BC206A72403B83C00F250F1 /* Nenno's PizzaTests */,
				4BC206B22403B83C00F250F1 /* Nenno's PizzaUITests */,
			);
		};
/* End PBXProject section */

/* Begin PBXResourcesBuildPhase section */
		4BC2068D2403B83800F250F1 /* Resources */ = {
			isa = PBXResourcesBuildPhase;
			buildActionMask = 2147483647;
			files = (
				4BC206A22403B83C00F250F1 /* LaunchScreen.storyboard in Resources */,
				4BC2069F2403B83C00F250F1 /* Assets.xcassets in Resources */,
			);
			runOnlyForDeploymentPostprocessing = 0;
		};
		4BC206A62403B83C00F250F1 /* Resources */ = {
			isa = PBXResourcesBuildPhase;
			buildActionMask = 2147483647;
			files = (
			);
			runOnlyForDeploymentPostprocessing = 0;
		};
		4BC206B12403B83C00F250F1 /* Resources */ = {
			isa = PBXResourcesBuildPhase;
			buildActionMask = 2147483647;
			files = (
			);
			runOnlyForDeploymentPostprocessing = 0;
		};
/* End PBXResourcesBuildPhase section */

/* Begin PBXSourcesBuildPhase section */
		4BC2068B2403B83800F250F1 /* Sources */ = {
			isa = PBXSourcesBuildPhase;
			buildActionMask = 2147483647;
			files = (
				9220D2C824043D5300E66F1C /* Good.swift in Sources */,
				926FAD7D2404758C00FBC03A /* LaunchViewController.swift in Sources */,
				926FAD812404762B00FBC03A /* LaunchViewPresenter.swift in Sources */,
				929EE4A6240481ED00258DD2 /* IngredientViewPresenter.swift in Sources */,
				926FAD7A2404742A00FBC03A /* LaunchView.swift in Sources */,
				4BC206972403B83800F250F1 /* MenuViewController.swift in Sources */,
				929EE4A2240481B900258DD2 /* IngredientsViewController.swift in Sources */,
				4BC206932403B83800F250F1 /* AppDelegate.swift in Sources */,
				4BC206D22403BE4500F250F1 /* MenuViewPresenter.swift in Sources */,
				92FB94BA2404458C002EB14E /* PizzaTableViewCell.swift in Sources */,
				92DB56842405AD4B0096CB6A /* IngredientsTableViewCell.swift in Sources */,
				9220D2CC240441AD00E66F1C /* Pizza.swift in Sources */,
				4BF1602324065C80001B709A /* Cart.swift in Sources */,
				9220D2C32404367400E66F1C /* MenuView.swift in Sources */,
				929EE4A0240481AD00258DD2 /* IngredientsView.swift in Sources */,
				9220D2C62404383B00E66F1C /* NetworkManager.swift in Sources */,
				4BC206952403B83800F250F1 /* SceneDelegate.swift in Sources */,
				4BC2069D2403B83800F250F1 /* Nenno_s_Pizza.xcdatamodeld in Sources */,
				9216F6E2240459B700B4C40B /* GoodsList.swift in Sources */,
				9220D2CA24043ED000E66F1C /* Drink.swift in Sources */,
				4BC206CB2403B98700F250F1 /* Builder.swift in Sources */,
				9216F6E7240465C600B4C40B /* Extensions.swift in Sources */,
				9216F6E92404669E00B4C40B /* PizzaPriceView.swift in Sources */,
			);
			runOnlyForDeploymentPostprocessing = 0;
		};
		4BC206A42403B83C00F250F1 /* Sources */ = {
			isa = PBXSourcesBuildPhase;
			buildActionMask = 2147483647;
			files = (
				4BC206AD2403B83C00F250F1 /* Nenno_s_PizzaTests.swift in Sources */,
			);
			runOnlyForDeploymentPostprocessing = 0;
		};
		4BC206AF2403B83C00F250F1 /* Sources */ = {
			isa = PBXSourcesBuildPhase;
			buildActionMask = 2147483647;
			files = (
				4BC206B82403B83C00F250F1 /* Nenno_s_PizzaUITests.swift in Sources */,
			);
			runOnlyForDeploymentPostprocessing = 0;
		};
/* End PBXSourcesBuildPhase section */

/* Begin PBXTargetDependency section */
		4BC206AA2403B83C00F250F1 /* PBXTargetDependency */ = {
			isa = PBXTargetDependency;
			target = 4BC2068E2403B83800F250F1 /* Nenno's Pizza */;
			targetProxy = 4BC206A92403B83C00F250F1 /* PBXContainerItemProxy */;
		};
		4BC206B52403B83C00F250F1 /* PBXTargetDependency */ = {
			isa = PBXTargetDependency;
			target = 4BC2068E2403B83800F250F1 /* Nenno's Pizza */;
			targetProxy = 4BC206B42403B83C00F250F1 /* PBXContainerItemProxy */;
		};
/* End PBXTargetDependency section */

/* Begin PBXVariantGroup section */
		4BC206A02403B83C00F250F1 /* LaunchScreen.storyboard */ = {
			isa = PBXVariantGroup;
			children = (
				4BC206A12403B83C00F250F1 /* Base */,
			);
			name = LaunchScreen.storyboard;
			sourceTree = "<group>";
		};
/* End PBXVariantGroup section */

/* Begin XCBuildConfiguration section */
		4BC206BA2403B83C00F250F1 /* Debug */ = {
			isa = XCBuildConfiguration;
			buildSettings = {
				ALWAYS_SEARCH_USER_PATHS = NO;
				CLANG_ANALYZER_NONNULL = YES;
				CLANG_ANALYZER_NUMBER_OBJECT_CONVERSION = YES_AGGRESSIVE;
				CLANG_CXX_LANGUAGE_STANDARD = "gnu++14";
				CLANG_CXX_LIBRARY = "libc++";
				CLANG_ENABLE_MODULES = YES;
				CLANG_ENABLE_OBJC_ARC = YES;
				CLANG_ENABLE_OBJC_WEAK = YES;
				CLANG_WARN_BLOCK_CAPTURE_AUTORELEASING = YES;
				CLANG_WARN_BOOL_CONVERSION = YES;
				CLANG_WARN_COMMA = YES;
				CLANG_WARN_CONSTANT_CONVERSION = YES;
				CLANG_WARN_DEPRECATED_OBJC_IMPLEMENTATIONS = YES;
				CLANG_WARN_DIRECT_OBJC_ISA_USAGE = YES_ERROR;
				CLANG_WARN_DOCUMENTATION_COMMENTS = YES;
				CLANG_WARN_EMPTY_BODY = YES;
				CLANG_WARN_ENUM_CONVERSION = YES;
				CLANG_WARN_INFINITE_RECURSION = YES;
				CLANG_WARN_INT_CONVERSION = YES;
				CLANG_WARN_NON_LITERAL_NULL_CONVERSION = YES;
				CLANG_WARN_OBJC_IMPLICIT_RETAIN_SELF = YES;
				CLANG_WARN_OBJC_LITERAL_CONVERSION = YES;
				CLANG_WARN_OBJC_ROOT_CLASS = YES_ERROR;
				CLANG_WARN_RANGE_LOOP_ANALYSIS = YES;
				CLANG_WARN_STRICT_PROTOTYPES = YES;
				CLANG_WARN_SUSPICIOUS_MOVE = YES;
				CLANG_WARN_UNGUARDED_AVAILABILITY = YES_AGGRESSIVE;
				CLANG_WARN_UNREACHABLE_CODE = YES;
				CLANG_WARN__DUPLICATE_METHOD_MATCH = YES;
				COPY_PHASE_STRIP = NO;
				DEBUG_INFORMATION_FORMAT = dwarf;
				ENABLE_STRICT_OBJC_MSGSEND = YES;
				ENABLE_TESTABILITY = YES;
				GCC_C_LANGUAGE_STANDARD = gnu11;
				GCC_DYNAMIC_NO_PIC = NO;
				GCC_NO_COMMON_BLOCKS = YES;
				GCC_OPTIMIZATION_LEVEL = 0;
				GCC_PREPROCESSOR_DEFINITIONS = (
					"DEBUG=1",
					"$(inherited)",
				);
				GCC_WARN_64_TO_32_BIT_CONVERSION = YES;
				GCC_WARN_ABOUT_RETURN_TYPE = YES_ERROR;
				GCC_WARN_UNDECLARED_SELECTOR = YES;
				GCC_WARN_UNINITIALIZED_AUTOS = YES_AGGRESSIVE;
				GCC_WARN_UNUSED_FUNCTION = YES;
				GCC_WARN_UNUSED_VARIABLE = YES;
				IPHONEOS_DEPLOYMENT_TARGET = 13.2;
				MTL_ENABLE_DEBUG_INFO = INCLUDE_SOURCE;
				MTL_FAST_MATH = YES;
				ONLY_ACTIVE_ARCH = YES;
				SDKROOT = iphoneos;
				SWIFT_ACTIVE_COMPILATION_CONDITIONS = DEBUG;
				SWIFT_OPTIMIZATION_LEVEL = "-Onone";
			};
			name = Debug;
		};
		4BC206BB2403B83C00F250F1 /* Release */ = {
			isa = XCBuildConfiguration;
			buildSettings = {
				ALWAYS_SEARCH_USER_PATHS = NO;
				CLANG_ANALYZER_NONNULL = YES;
				CLANG_ANALYZER_NUMBER_OBJECT_CONVERSION = YES_AGGRESSIVE;
				CLANG_CXX_LANGUAGE_STANDARD = "gnu++14";
				CLANG_CXX_LIBRARY = "libc++";
				CLANG_ENABLE_MODULES = YES;
				CLANG_ENABLE_OBJC_ARC = YES;
				CLANG_ENABLE_OBJC_WEAK = YES;
				CLANG_WARN_BLOCK_CAPTURE_AUTORELEASING = YES;
				CLANG_WARN_BOOL_CONVERSION = YES;
				CLANG_WARN_COMMA = YES;
				CLANG_WARN_CONSTANT_CONVERSION = YES;
				CLANG_WARN_DEPRECATED_OBJC_IMPLEMENTATIONS = YES;
				CLANG_WARN_DIRECT_OBJC_ISA_USAGE = YES_ERROR;
				CLANG_WARN_DOCUMENTATION_COMMENTS = YES;
				CLANG_WARN_EMPTY_BODY = YES;
				CLANG_WARN_ENUM_CONVERSION = YES;
				CLANG_WARN_INFINITE_RECURSION = YES;
				CLANG_WARN_INT_CONVERSION = YES;
				CLANG_WARN_NON_LITERAL_NULL_CONVERSION = YES;
				CLANG_WARN_OBJC_IMPLICIT_RETAIN_SELF = YES;
				CLANG_WARN_OBJC_LITERAL_CONVERSION = YES;
				CLANG_WARN_OBJC_ROOT_CLASS = YES_ERROR;
				CLANG_WARN_RANGE_LOOP_ANALYSIS = YES;
				CLANG_WARN_STRICT_PROTOTYPES = YES;
				CLANG_WARN_SUSPICIOUS_MOVE = YES;
				CLANG_WARN_UNGUARDED_AVAILABILITY = YES_AGGRESSIVE;
				CLANG_WARN_UNREACHABLE_CODE = YES;
				CLANG_WARN__DUPLICATE_METHOD_MATCH = YES;
				COPY_PHASE_STRIP = NO;
				DEBUG_INFORMATION_FORMAT = "dwarf-with-dsym";
				ENABLE_NS_ASSERTIONS = NO;
				ENABLE_STRICT_OBJC_MSGSEND = YES;
				GCC_C_LANGUAGE_STANDARD = gnu11;
				GCC_NO_COMMON_BLOCKS = YES;
				GCC_WARN_64_TO_32_BIT_CONVERSION = YES;
				GCC_WARN_ABOUT_RETURN_TYPE = YES_ERROR;
				GCC_WARN_UNDECLARED_SELECTOR = YES;
				GCC_WARN_UNINITIALIZED_AUTOS = YES_AGGRESSIVE;
				GCC_WARN_UNUSED_FUNCTION = YES;
				GCC_WARN_UNUSED_VARIABLE = YES;
				IPHONEOS_DEPLOYMENT_TARGET = 13.2;
				MTL_ENABLE_DEBUG_INFO = NO;
				MTL_FAST_MATH = YES;
				SDKROOT = iphoneos;
				SWIFT_COMPILATION_MODE = wholemodule;
				SWIFT_OPTIMIZATION_LEVEL = "-O";
				VALIDATE_PRODUCT = YES;
			};
			name = Release;
		};
		4BC206BD2403B83C00F250F1 /* Debug */ = {
			isa = XCBuildConfiguration;
			buildSettings = {
				ASSETCATALOG_COMPILER_APPICON_NAME = AppIcon;
				CODE_SIGN_STYLE = Automatic;
				INFOPLIST_FILE = "Nenno's Pizza/Info.plist";
				LD_RUNPATH_SEARCH_PATHS = (
					"$(inherited)",
					"@executable_path/Frameworks",
				);
				PRODUCT_BUNDLE_IDENTIFIER = "com.denis.grishchenko.Nenno-s-Pizza";
				PRODUCT_NAME = "$(TARGET_NAME)";
				SWIFT_VERSION = 5.0;
				TARGETED_DEVICE_FAMILY = "1,2";
			};
			name = Debug;
		};
		4BC206BE2403B83C00F250F1 /* Release */ = {
			isa = XCBuildConfiguration;
			buildSettings = {
				ASSETCATALOG_COMPILER_APPICON_NAME = AppIcon;
				CODE_SIGN_STYLE = Automatic;
				INFOPLIST_FILE = "Nenno's Pizza/Info.plist";
				LD_RUNPATH_SEARCH_PATHS = (
					"$(inherited)",
					"@executable_path/Frameworks",
				);
				PRODUCT_BUNDLE_IDENTIFIER = "com.denis.grishchenko.Nenno-s-Pizza";
				PRODUCT_NAME = "$(TARGET_NAME)";
				SWIFT_VERSION = 5.0;
				TARGETED_DEVICE_FAMILY = "1,2";
			};
			name = Release;
		};
		4BC206C02403B83C00F250F1 /* Debug */ = {
			isa = XCBuildConfiguration;
			buildSettings = {
				ALWAYS_EMBED_SWIFT_STANDARD_LIBRARIES = YES;
				BUNDLE_LOADER = "$(TEST_HOST)";
				CODE_SIGN_STYLE = Automatic;
				INFOPLIST_FILE = "Nenno's PizzaTests/Info.plist";
				IPHONEOS_DEPLOYMENT_TARGET = 13.2;
				LD_RUNPATH_SEARCH_PATHS = (
					"$(inherited)",
					"@executable_path/Frameworks",
					"@loader_path/Frameworks",
				);
				PRODUCT_BUNDLE_IDENTIFIER = "com.denis.grishchenko.Nenno-s-PizzaTests";
				PRODUCT_NAME = "$(TARGET_NAME)";
				SWIFT_VERSION = 5.0;
				TARGETED_DEVICE_FAMILY = "1,2";
				TEST_HOST = "$(BUILT_PRODUCTS_DIR)/Nenno's Pizza.app/Nenno's Pizza";
			};
			name = Debug;
		};
		4BC206C12403B83C00F250F1 /* Release */ = {
			isa = XCBuildConfiguration;
			buildSettings = {
				ALWAYS_EMBED_SWIFT_STANDARD_LIBRARIES = YES;
				BUNDLE_LOADER = "$(TEST_HOST)";
				CODE_SIGN_STYLE = Automatic;
				INFOPLIST_FILE = "Nenno's PizzaTests/Info.plist";
				IPHONEOS_DEPLOYMENT_TARGET = 13.2;
				LD_RUNPATH_SEARCH_PATHS = (
					"$(inherited)",
					"@executable_path/Frameworks",
					"@loader_path/Frameworks",
				);
				PRODUCT_BUNDLE_IDENTIFIER = "com.denis.grishchenko.Nenno-s-PizzaTests";
				PRODUCT_NAME = "$(TARGET_NAME)";
				SWIFT_VERSION = 5.0;
				TARGETED_DEVICE_FAMILY = "1,2";
				TEST_HOST = "$(BUILT_PRODUCTS_DIR)/Nenno's Pizza.app/Nenno's Pizza";
			};
			name = Release;
		};
		4BC206C32403B83C00F250F1 /* Debug */ = {
			isa = XCBuildConfiguration;
			buildSettings = {
				ALWAYS_EMBED_SWIFT_STANDARD_LIBRARIES = YES;
				CODE_SIGN_STYLE = Automatic;
				INFOPLIST_FILE = "Nenno's PizzaUITests/Info.plist";
				LD_RUNPATH_SEARCH_PATHS = (
					"$(inherited)",
					"@executable_path/Frameworks",
					"@loader_path/Frameworks",
				);
				PRODUCT_BUNDLE_IDENTIFIER = "com.denis.grishchenko.Nenno-s-PizzaUITests";
				PRODUCT_NAME = "$(TARGET_NAME)";
				SWIFT_VERSION = 5.0;
				TARGETED_DEVICE_FAMILY = "1,2";
				TEST_TARGET_NAME = "Nenno's Pizza";
			};
			name = Debug;
		};
		4BC206C42403B83C00F250F1 /* Release */ = {
			isa = XCBuildConfiguration;
			buildSettings = {
				ALWAYS_EMBED_SWIFT_STANDARD_LIBRARIES = YES;
				CODE_SIGN_STYLE = Automatic;
				INFOPLIST_FILE = "Nenno's PizzaUITests/Info.plist";
				LD_RUNPATH_SEARCH_PATHS = (
					"$(inherited)",
					"@executable_path/Frameworks",
					"@loader_path/Frameworks",
				);
				PRODUCT_BUNDLE_IDENTIFIER = "com.denis.grishchenko.Nenno-s-PizzaUITests";
				PRODUCT_NAME = "$(TARGET_NAME)";
				SWIFT_VERSION = 5.0;
				TARGETED_DEVICE_FAMILY = "1,2";
				TEST_TARGET_NAME = "Nenno's Pizza";
			};
			name = Release;
		};
/* End XCBuildConfiguration section */

/* Begin XCConfigurationList section */
		4BC2068A2403B83800F250F1 /* Build configuration list for PBXProject "Nenno's Pizza" */ = {
			isa = XCConfigurationList;
			buildConfigurations = (
				4BC206BA2403B83C00F250F1 /* Debug */,
				4BC206BB2403B83C00F250F1 /* Release */,
			);
			defaultConfigurationIsVisible = 0;
			defaultConfigurationName = Release;
		};
		4BC206BC2403B83C00F250F1 /* Build configuration list for PBXNativeTarget "Nenno's Pizza" */ = {
			isa = XCConfigurationList;
			buildConfigurations = (
				4BC206BD2403B83C00F250F1 /* Debug */,
				4BC206BE2403B83C00F250F1 /* Release */,
			);
			defaultConfigurationIsVisible = 0;
			defaultConfigurationName = Release;
		};
		4BC206BF2403B83C00F250F1 /* Build configuration list for PBXNativeTarget "Nenno's PizzaTests" */ = {
			isa = XCConfigurationList;
			buildConfigurations = (
				4BC206C02403B83C00F250F1 /* Debug */,
				4BC206C12403B83C00F250F1 /* Release */,
			);
			defaultConfigurationIsVisible = 0;
			defaultConfigurationName = Release;
		};
		4BC206C22403B83C00F250F1 /* Build configuration list for PBXNativeTarget "Nenno's PizzaUITests" */ = {
			isa = XCConfigurationList;
			buildConfigurations = (
				4BC206C32403B83C00F250F1 /* Debug */,
				4BC206C42403B83C00F250F1 /* Release */,
			);
			defaultConfigurationIsVisible = 0;
			defaultConfigurationName = Release;
		};
/* End XCConfigurationList section */

/* Begin XCRemoteSwiftPackageReference section */
		4BF1602424065E58001B709A /* XCRemoteSwiftPackageReference "RxSwift" */ = {
			isa = XCRemoteSwiftPackageReference;
			repositoryURL = "https://github.com/ReactiveX/RxSwift.git";
			requirement = {
				kind = upToNextMajorVersion;
				minimumVersion = 5.0.1;
			};
		};
		9216F6E324045F9D00B4C40B /* XCRemoteSwiftPackageReference "Kingfisher" */ = {
			isa = XCRemoteSwiftPackageReference;
			repositoryURL = "https://github.com/onevcat/Kingfisher.git";
			requirement = {
				kind = upToNextMajorVersion;
				minimumVersion = 5.13.1;
			};
		};
/* End XCRemoteSwiftPackageReference section */

/* Begin XCSwiftPackageProductDependency section */
		4BF1602524065E58001B709A /* RxSwift */ = {
			isa = XCSwiftPackageProductDependency;
			package = 4BF1602424065E58001B709A /* XCRemoteSwiftPackageReference "RxSwift" */;
			productName = RxSwift;
		};
		4BF1602724065E58001B709A /* RxCocoa */ = {
			isa = XCSwiftPackageProductDependency;
			package = 4BF1602424065E58001B709A /* XCRemoteSwiftPackageReference "RxSwift" */;
			productName = RxCocoa;
		};
		9216F6E424045F9D00B4C40B /* Kingfisher */ = {
			isa = XCSwiftPackageProductDependency;
			package = 9216F6E324045F9D00B4C40B /* XCRemoteSwiftPackageReference "Kingfisher" */;
			productName = Kingfisher;
		};
/* End XCSwiftPackageProductDependency section */

/* Begin XCVersionGroup section */
		4BC2069B2403B83800F250F1 /* Nenno_s_Pizza.xcdatamodeld */ = {
			isa = XCVersionGroup;
			children = (
				4BC2069C2403B83800F250F1 /* Nenno_s_Pizza.xcdatamodel */,
			);
			currentVersion = 4BC2069C2403B83800F250F1 /* Nenno_s_Pizza.xcdatamodel */;
			path = Nenno_s_Pizza.xcdatamodeld;
			sourceTree = "<group>";
			versionGroupType = wrapper.xcdatamodel;
		};
/* End XCVersionGroup section */
	};
	rootObject = 4BC206872403B83800F250F1 /* Project object */;
}
